dependencies:
- name: nv-ingest
  repository: https://helm.ngc.nvidia.com/nvstaging/nim
  version: 26.1.0-RC3
- name: eck-stack
  repository: https://helm.elastic.co
  version: 0.17.0
- name: eck-operator
  repository: https://helm.elastic.co
  version: 3.2.0
- name: zipkin
  repository: https://zipkin.io/zipkin-helm
  version: 0.4.0
- name: opentelemetry-collector
  repository: https://open-telemetry.github.io/opentelemetry-helm-charts
  version: 0.130.2
- name: kube-prometheus-stack
  repository: https://prometheus-community.github.io/helm-charts
  version: 76.3.0
digest: sha256:96eed82007802063a842a18f90d50af1bd91d5c30dade9825cc614253c335d46
generated: "2025-12-23T05:47:12.063434578Z"
