dependencies:
- name: nv-ingest
  repository: https://helm.ngc.nvidia.com/nvstaging/nim
  version: 26.1.0-RC5
- name: eck-stack
  repository: https://helm.elastic.co
  version: 0.17.0
- name: eck-operator
  repository: https://helm.elastic.co
  version: 3.2.0
- name: zipkin
  repository: https://zipkin.io/zipkin-helm
  version: 0.4.0
- name: opentelemetry-collector
  repository: https://open-telemetry.github.io/opentelemetry-helm-charts
  version: 0.130.2
- name: kube-prometheus-stack
  repository: https://prometheus-community.github.io/helm-charts
  version: 76.3.0
digest: sha256:9d1abe37bbd4df47136d455a4a1384786aac2cb385fa2895562f61f9be2ffc80
generated: "2026-01-07T10:32:03.010464304+05:30"
