dependencies:
- name: nv-ingest
  repository: https://helm.ngc.nvidia.com/nvidia/nemo-microservices
  version: 26.1.1
- name: eck-stack
  repository: https://helm.elastic.co
  version: 0.17.0
- name: eck-operator
  repository: https://helm.elastic.co
  version: 3.2.0
- name: zipkin
  repository: https://zipkin.io/zipkin-helm
  version: 0.4.0
- name: opentelemetry-collector
  repository: https://open-telemetry.github.io/opentelemetry-helm-charts
  version: 0.130.2
- name: kube-prometheus-stack
  repository: https://prometheus-community.github.io/helm-charts
  version: 76.3.0
digest: sha256:4758e803b3308d23bf68092410bdedd360401c334d4f401c80cddd119faa4220
generated: "2026-01-16T08:45:06.432105965+05:30"
